
Microsoft Visual Studio Solution File, Format Version 12.00
# Visual Studio Version 16
VisualStudioVersion = 16.0.29230.47
MinimumVisualStudioVersion = 10.0.40219.1
Project("{9A19103F-16F7-4668-BE54-9A1E7A4F7556}") = "contactFormTests", "contactFormTests.csproj", "{ED07C55F-D84D-44C9-AAB9-D8B78013D1FA}"
EndProject
Global
	GlobalSection(SolutionConfigurationPlatforms) = preSolution
		Debug|Any CPU = Debug|Any CPU
		Release|Any CPU = Release|Any CPU
	EndGlobalSection
	GlobalSection(ProjectConfigurationPlatforms) = postSolution
		{ED07C55F-D84D-44C9-AAB9-D8B78013D1FA}.Debug|Any CPU.ActiveCfg = Debug|Any CPU
		{ED07C55F-D84D-44C9-AAB9-D8B78013D1FA}.Debug|Any CPU.Build.0 = Debug|Any CPU
		{ED07C55F-D84D-44C9-AAB9-D8B78013D1FA}.Release|Any CPU.ActiveCfg = Release|Any CPU
		{ED07C55F-D84D-44C9-AAB9-D8B78013D1FA}.Release|Any CPU.Build.0 = Release|Any CPU
	EndGlobalSection
	GlobalSection(SolutionProperties) = preSolution
		HideSolutionNode = FALSE
	EndGlobalSection
	GlobalSection(ExtensibilityGlobals) = postSolution
		SolutionGuid = {49E30B15-216E-4962-8D5A-DA41F86A10AA}
	EndGlobalSection
EndGlobal
