
Microsoft Visual Studio Solution File, Format Version 12.00
# Visual Studio Version 16
VisualStudioVersion = 16.0.29230.47
MinimumVisualStudioVersion = 10.0.40219.1
Project("{FAE04EC0-301F-11D3-BF4B-00C04F79EFBC}") = "TestContactForm", "TestContactForm.csproj", "{2FCFC966-A257-48E4-B561-FFBE9E3AD67B}"
EndProject
Global
	GlobalSection(SolutionConfigurationPlatforms) = preSolution
		Debug|Any CPU = Debug|Any CPU
		Release|Any CPU = Release|Any CPU
	EndGlobalSection
	GlobalSection(ProjectConfigurationPlatforms) = postSolution
		{2FCFC966-A257-48E4-B561-FFBE9E3AD67B}.Debug|Any CPU.ActiveCfg = Debug|Any CPU
		{2FCFC966-A257-48E4-B561-FFBE9E3AD67B}.Debug|Any CPU.Build.0 = Debug|Any CPU
		{2FCFC966-A257-48E4-B561-FFBE9E3AD67B}.Release|Any CPU.ActiveCfg = Release|Any CPU
		{2FCFC966-A257-48E4-B561-FFBE9E3AD67B}.Release|Any CPU.Build.0 = Release|Any CPU
	EndGlobalSection
	GlobalSection(SolutionProperties) = preSolution
		HideSolutionNode = FALSE
	EndGlobalSection
	GlobalSection(ExtensibilityGlobals) = postSolution
		SolutionGuid = {7DF4F1B8-4CEC-46B3-A71D-3A6462F124E4}
	EndGlobalSection
EndGlobal
